
Microsoft Visual Studio Solution File, Format Version 12.00
# Visual Studio Version 17
VisualStudioVersion = 17.0.32112.339
MinimumVisualStudioVersion = 10.0.40219.1
Project("{FAE04EC0-301F-11D3-BF4B-00C04F79EFBC}") = "APIGestionCegep", "APIGestionCegep\APIGestionCegep.csproj", "{7C28C9D4-F77A-49AC-9265-D44F5D1FCC1D}"
EndProject
Global
	GlobalSection(SolutionConfigurationPlatforms) = preSolution
		Debug|Any CPU = Debug|Any CPU
		Release|Any CPU = Release|Any CPU
	EndGlobalSection
	GlobalSection(ProjectConfigurationPlatforms) = postSolution
		{7C28C9D4-F77A-49AC-9265-D44F5D1FCC1D}.Debug|Any CPU.ActiveCfg = Debug|Any CPU
		{7C28C9D4-F77A-49AC-9265-D44F5D1FCC1D}.Debug|Any CPU.Build.0 = Debug|Any CPU
		{7C28C9D4-F77A-49AC-9265-D44F5D1FCC1D}.Release|Any CPU.ActiveCfg = Release|Any CPU
		{7C28C9D4-F77A-49AC-9265-D44F5D1FCC1D}.Release|Any CPU.Build.0 = Release|Any CPU
	EndGlobalSection
	GlobalSection(SolutionProperties) = preSolution
		HideSolutionNode = FALSE
	EndGlobalSection
	GlobalSection(ExtensibilityGlobals) = postSolution
		SolutionGuid = {E84105F6-0C6A-4CAB-B588-1976A8960130}
	EndGlobalSection
EndGlobal
